{
  "lockfileVersion": 1,
  "configVersion": 1,
  "workspaces": {
    "": {
      "dependencies": {
        "@opencode-ai/plugin": "1.2.15",
      },
    },
  },
  "packages": {
    "@opencode-ai/plugin": ["@opencode-ai/plugin@1.2.15", "", { "dependencies": { "@opencode-ai/sdk": "1.2.15", "zod": "4.1.8" } }, "sha512-mh9S05W+CZZmo6q3uIEBubS66QVgiev7fRafX7vemrCfz+3pEIkSwipLjU/sxIewC9yLiDWLqS73DH/iEQzVDw=="],

    "@opencode-ai/sdk": ["@opencode-ai/sdk@1.2.15", "", {}, "sha512-NUJNlyBCdZ4R0EBLjJziEQOp2XbRPJosaMcTcWSWO5XJPKGUpz0u8ql+5cR8K+v2RJ+hp2NobtNwpjEYfe6BRQ=="],

    "zod": ["zod@4.1.8", "", {}, "sha512-5R1P+WwQqmmMIEACyzSvo4JXHY5WiAFHRMg+zBZKgKS+Q1viRa0C1hmUKtHltoIFKtIdki3pRxkmpP74jnNYHQ=="],
  }
}
